{
  "name": "fast-forward-js-action",
  "version": "1.0.0",
  "lockfileVersion": 2,
  "requires": true,
  "packages": {
    "": {
      "name": "fast-forward-js-action",
      "version": "1.0.0",
      "license": "ISC",
      "dependencies": {
        "@actions/core": "^1.6.0",
        "@actions/github": "^5.0.0",
        "@actions/http-client": "^1.0.11",
        "@octokit/rest": "^18.12.0"
      }
    },
    "node_modules/@actions/core": {
      "version": "1.6.0",
      "resolved": "https://artifacts.werally.in/artifactory/api/npm/npm/@actions/core/-/core-1.6.0.tgz",
      "integrity": "sha1-BWjkcDm/tqkXA5OnPzt+s7IkYss=",
      "license": "MIT",
      "dependencies": {
        "@actions/http-client": "^1.0.11"
      }
    },
    "node_modules/@actions/github": {
      "version": "5.0.0",
      "resolved": "https://artifacts.werally.in/artifactory/api/npm/npm/@actions/github/-/github-5.0.0.tgz",
      "integrity": "sha1-F1QSeXbFC9iLLpBfENIE120Ucvg=",
      "license": "MIT",
      "dependencies": {
        "@actions/http-client": "^1.0.11",
        "@octokit/core": "^3.4.0",
        "@octokit/plugin-paginate-rest": "^2.13.3",
        "@octokit/plugin-rest-endpoint-methods": "^5.1.1"
      }
    },
    "node_modules/@actions/http-client": {
      "version": "1.0.11",
      "resolved": "https://artifacts.werally.in/artifactory/api/npm/npm/@actions/http-client/-/http-client-1.0.11.tgz",
      "integrity": "sha1-xYsS6aqLFZ7jnn3Wy9DpHZBWM8A=",
      "license": "MIT",
      "dependencies": {
        "tunnel": "0.0.6"
      }
    },
    "node_modules/@octokit/auth-token": {
      "version": "2.5.0",
      "resolved": "https://artifacts.werally.in/artifactory/api/npm/npm/@octokit/auth-token/-/auth-token-2.5.0.tgz",
      "integrity": "sha1-J8N+omwgXyhENAJHf/0mExHyHjY=",
      "license": "MIT",
      "dependencies": {
        "@octokit/types": "^6.0.3"
      }
    },
    "node_modules/@octokit/core": {
      "version": "3.5.1",
      "resolved": "https://artifacts.werally.in/artifactory/api/npm/npm/@octokit/core/-/core-3.5.1.tgz",
      "integrity": "sha1-hgHO6x7A4bG4IXuWCkE+2OlHgJs=",
      "license": "MIT",
      "dependencies": {
        "@octokit/auth-token": "^2.4.4",
        "@octokit/graphql": "^4.5.8",
        "@octokit/request": "^5.6.0",
        "@octokit/request-error": "^2.0.5",
        "@octokit/types": "^6.0.3",
        "before-after-hook": "^2.2.0",
        "universal-user-agent": "^6.0.0"
      }
    },
    "node_modules/@octokit/endpoint": {
      "version": "6.0.12",
      "resolved": "https://artifacts.werally.in/artifactory/api/npm/npm/@octokit/endpoint/-/endpoint-6.0.12.tgz",
      "integrity": "sha1-O01HpLDnmxAn+4111CIZKLLQVlg=",
      "license": "MIT",
      "dependencies": {
        "@octokit/types": "^6.0.3",
        "is-plain-object": "^5.0.0",
        "universal-user-agent": "^6.0.0"
      }
    },
    "node_modules/@octokit/graphql": {
      "version": "4.8.0",
      "resolved": "https://artifacts.werally.in/artifactory/api/npm/npm/@octokit/graphql/-/graphql-4.8.0.tgz",
      "integrity": "sha1-Zk2bEcDhIRLL944Q9JoFlZqiLMM=",
      "license": "MIT",
      "dependencies": {
        "@octokit/request": "^5.6.0",
        "@octokit/types": "^6.0.3",
        "universal-user-agent": "^6.0.0"
      }
    },
    "node_modules/@octokit/openapi-types": {
      "version": "11.2.0",
      "resolved": "https://artifacts.werally.in/artifactory/api/npm/npm/@octokit/openapi-types/-/openapi-types-11.2.0.tgz",
      "integrity": "sha1-s41/w3NtUqHpayMMHM1KWKL0AKY=",
      "license": "MIT"
    },
    "node_modules/@octokit/plugin-paginate-rest": {
      "version": "2.17.0",
      "resolved": "https://artifacts.werally.in/artifactory/api/npm/npm/@octokit/plugin-paginate-rest/-/plugin-paginate-rest-2.17.0.tgz",
      "integrity": "sha1-MunHyrKjdEIdPQ3iORAih9eRvOc=",
      "license": "MIT",
      "dependencies": {
        "@octokit/types": "^6.34.0"
      },
      "peerDependencies": {
        "@octokit/core": ">=2"
      }
    },
    "node_modules/@octokit/plugin-request-log": {
      "version": "1.0.4",
      "resolved": "https://artifacts.werally.in/artifactory/api/npm/npm/@octokit/plugin-request-log/-/plugin-request-log-1.0.4.tgz",
      "integrity": "sha1-XlDtcIOmE4FrHkooruxft/FGLoU=",
      "license": "MIT",
      "peerDependencies": {
        "@octokit/core": ">=3"
      }
    },
    "node_modules/@octokit/plugin-rest-endpoint-methods": {
      "version": "5.13.0",
      "resolved": "https://artifacts.werally.in/artifactory/api/npm/npm/@octokit/plugin-rest-endpoint-methods/-/plugin-rest-endpoint-methods-5.13.0.tgz",
      "integrity": "sha1-jEYQkCGjQSIz9vUNKHhvjlUkJ7o=",
      "license": "MIT",
      "dependencies": {
        "@octokit/types": "^6.34.0",
        "deprecation": "^2.3.1"
      },
      "peerDependencies": {
        "@octokit/core": ">=3"
      }
    },
    "node_modules/@octokit/request": {
      "version": "5.6.2",
      "resolved": "https://artifacts.werally.in/artifactory/api/npm/npm/@octokit/request/-/request-5.6.2.tgz",
      "integrity": "sha1-GqdNXae54ErGDvIy7dmnQ43PMtg=",
      "license": "MIT",
      "dependencies": {
        "@octokit/endpoint": "^6.0.1",
        "@octokit/request-error": "^2.1.0",
        "@octokit/types": "^6.16.1",
        "is-plain-object": "^5.0.0",
        "node-fetch": "^2.6.1",
        "universal-user-agent": "^6.0.0"
      }
    },
    "node_modules/@octokit/request-error": {
      "version": "2.1.0",
      "resolved": "https://artifacts.werally.in/artifactory/api/npm/npm/@octokit/request-error/-/request-error-2.1.0.tgz",
      "integrity": "sha1-nhUDV4Mb/HiNE6T9SxkT1gx01nc=",
      "license": "MIT",
      "dependencies": {
        "@octokit/types": "^6.0.3",
        "deprecation": "^2.0.0",
        "once": "^1.4.0"
      }
    },
    "node_modules/@octokit/rest": {
      "version": "18.12.0",
      "resolved": "https://artifacts.werally.in/artifactory/api/npm/npm/@octokit/rest/-/rest-18.12.0.tgz",
      "integrity": "sha1-8GvElS/IcTAwjYEMqdAOefaYiIE=",
      "license": "MIT",
      "dependencies": {
        "@octokit/core": "^3.5.1",
        "@octokit/plugin-paginate-rest": "^2.16.8",
        "@octokit/plugin-request-log": "^1.0.4",
        "@octokit/plugin-rest-endpoint-methods": "^5.12.0"
      }
    },
    "node_modules/@octokit/types": {
      "version": "6.34.0",
      "resolved": "https://artifacts.werally.in/artifactory/api/npm/npm/@octokit/types/-/types-6.34.0.tgz",
      "integrity": "sha1-xgITMzNNHs+103CoeYFi3fGughg=",
      "license": "MIT",
      "dependencies": {
        "@octokit/openapi-types": "^11.2.0"
      }
    },
    "node_modules/before-after-hook": {
      "version": "2.2.2",
      "resolved": "https://artifacts.werally.in/artifactory/api/npm/npm/before-after-hook/-/before-after-hook-2.2.2.tgz",
      "integrity": "sha1-pujKQQKNkO4sJCIvIByQlWCRYT4=",
      "license": "Apache-2.0"
    },
    "node_modules/deprecation": {
      "version": "2.3.1",
      "resolved": "https://artifacts.werally.in/artifactory/api/npm/npm/deprecation/-/deprecation-2.3.1.tgz",
      "integrity": "sha1-Y2jL20Cr8zc7UlrIfkomDDpwCRk=",
      "license": "ISC"
    },
    "node_modules/is-plain-object": {
      "version": "5.0.0",
      "resolved": "https://artifacts.werally.in/artifactory/api/npm/npm/is-plain-object/-/is-plain-object-5.0.0.tgz",
      "integrity": "sha1-RCf1CrNCnpAl6n1S6QQ6nvQVk0Q=",
      "license": "MIT",
      "engines": {
        "node": ">=0.10.0"
      }
    },
    "node_modules/node-fetch": {
      "version": "2.6.6",
      "resolved": "https://artifacts.werally.in/artifactory/api/npm/npm/node-fetch/-/node-fetch-2.6.6.tgz",
      "integrity": "sha1-F1GnwBg06OFpd1hzLp77burfr4k=",
      "license": "MIT",
      "dependencies": {
        "whatwg-url": "^5.0.0"
      },
      "engines": {
        "node": "4.x || >=6.0.0"
      }
    },
    "node_modules/once": {
      "version": "1.4.0",
      "resolved": "https://artifacts.werally.in/artifactory/api/npm/npm/once/-/once-1.4.0.tgz",
      "integrity": "sha1-WDsap3WWHUsROsF9nFC6753Xa9E=",
      "license": "ISC",
      "dependencies": {
        "wrappy": "1"
      }
    },
    "node_modules/tr46": {
      "version": "0.0.3",
      "resolved": "https://artifacts.werally.in/artifactory/api/npm/npm/tr46/-/tr46-0.0.3.tgz",
      "integrity": "sha1-gYT9NH2snNwYWZLzpmIuFLnZq2o=",
      "license": "MIT"
    },
    "node_modules/tunnel": {
      "version": "0.0.6",
      "resolved": "https://registry.npmjs.org/tunnel/-/tunnel-0.0.6.tgz",
      "integrity": "sha512-1h/Lnq9yajKY2PEbBadPXj3VxsDDu844OnaAo52UVmIzIvwwtBPIuNvkjuzBlTWpfJyUbG3ez0KSBibQkj4ojg==",
      "license": "MIT",
      "engines": {
        "node": ">=0.6.11 <=0.7.0 || >=0.7.3"
      }
    },
    "node_modules/universal-user-agent": {
      "version": "6.0.0",
      "resolved": "https://artifacts.werally.in/artifactory/api/npm/npm/universal-user-agent/-/universal-user-agent-6.0.0.tgz",
      "integrity": "sha1-M4H4UDslHA2c0hvB3pOeyd9UgO4=",
      "license": "ISC"
    },
    "node_modules/webidl-conversions": {
      "version": "3.0.1",
      "resolved": "https://artifacts.werally.in/artifactory/api/npm/npm/webidl-conversions/-/webidl-conversions-3.0.1.tgz",
      "integrity": "sha1-JFNCdeKnvGvnvIZhHMFq4KVlSHE=",
      "license": "BSD-2-Clause"
    },
    "node_modules/whatwg-url": {
      "version": "5.0.0",
      "resolved": "https://artifacts.werally.in/artifactory/api/npm/npm/whatwg-url/-/whatwg-url-5.0.0.tgz",
      "integrity": "sha1-lmRU6HZUYuN2RNNib2dCzotwll0=",
      "license": "MIT",
      "dependencies": {
        "tr46": "~0.0.3",
        "webidl-conversions": "^3.0.0"
      }
    },
    "node_modules/wrappy": {
      "version": "1.0.2",
      "resolved": "https://artifacts.werally.in/artifactory/api/npm/npm/wrappy/-/wrappy-1.0.2.tgz",
      "integrity": "sha1-tSQ9jz7BqjXxNkYFvA0QNuMKtp8=",
      "license": "ISC"
    }
  },
  "dependencies": {
    "@actions/core": {
      "version": "1.6.0",
      "resolved": "https://artifacts.werally.in/artifactory/api/npm/npm/@actions/core/-/core-1.6.0.tgz",
      "integrity": "sha1-BWjkcDm/tqkXA5OnPzt+s7IkYss=",
      "requires": {
        "@actions/http-client": "^1.0.11"
      }
    },
    "@actions/github": {
      "version": "5.0.0",
      "resolved": "https://artifacts.werally.in/artifactory/api/npm/npm/@actions/github/-/github-5.0.0.tgz",
      "integrity": "sha1-F1QSeXbFC9iLLpBfENIE120Ucvg=",
      "requires": {
        "@actions/http-client": "^1.0.11",
        "@octokit/core": "^3.4.0",
        "@octokit/plugin-paginate-rest": "^2.13.3",
        "@octokit/plugin-rest-endpoint-methods": "^5.1.1"
      }
    },
    "@actions/http-client": {
      "version": "1.0.11",
      "resolved": "https://artifacts.werally.in/artifactory/api/npm/npm/@actions/http-client/-/http-client-1.0.11.tgz",
      "integrity": "sha1-xYsS6aqLFZ7jnn3Wy9DpHZBWM8A=",
      "requires": {
        "tunnel": "0.0.6"
      }
    },
    "@octokit/auth-token": {
      "version": "2.5.0",
      "resolved": "https://artifacts.werally.in/artifactory/api/npm/npm/@octokit/auth-token/-/auth-token-2.5.0.tgz",
      "integrity": "sha1-J8N+omwgXyhENAJHf/0mExHyHjY=",
      "requires": {
        "@octokit/types": "^6.0.3"
      }
    },
    "@octokit/core": {
      "version": "3.5.1",
      "resolved": "https://artifacts.werally.in/artifactory/api/npm/npm/@octokit/core/-/core-3.5.1.tgz",
      "integrity": "sha1-hgHO6x7A4bG4IXuWCkE+2OlHgJs=",
      "requires": {
        "@octokit/auth-token": "^2.4.4",
        "@octokit/graphql": "^4.5.8",
        "@octokit/request": "^5.6.0",
        "@octokit/request-error": "^2.0.5",
        "@octokit/types": "^6.0.3",
        "before-after-hook": "^2.2.0",
        "universal-user-agent": "^6.0.0"
      }
    },
    "@octokit/endpoint": {
      "version": "6.0.12",
      "resolved": "https://artifacts.werally.in/artifactory/api/npm/npm/@octokit/endpoint/-/endpoint-6.0.12.tgz",
      "integrity": "sha1-O01HpLDnmxAn+4111CIZKLLQVlg=",
      "requires": {
        "@octokit/types": "^6.0.3",
        "is-plain-object": "^5.0.0",
        "universal-user-agent": "^6.0.0"
      }
    },
    "@octokit/graphql": {
      "version": "4.8.0",
      "resolved": "https://artifacts.werally.in/artifactory/api/npm/npm/@octokit/graphql/-/graphql-4.8.0.tgz",
      "integrity": "sha1-Zk2bEcDhIRLL944Q9JoFlZqiLMM=",
      "requires": {
        "@octokit/request": "^5.6.0",
        "@octokit/types": "^6.0.3",
        "universal-user-agent": "^6.0.0"
      }
    },
    "@octokit/openapi-types": {
      "version": "11.2.0",
      "resolved": "https://artifacts.werally.in/artifactory/api/npm/npm/@octokit/openapi-types/-/openapi-types-11.2.0.tgz",
      "integrity": "sha1-s41/w3NtUqHpayMMHM1KWKL0AKY="
    },
    "@octokit/plugin-paginate-rest": {
      "version": "2.17.0",
      "resolved": "https://artifacts.werally.in/artifactory/api/npm/npm/@octokit/plugin-paginate-rest/-/plugin-paginate-rest-2.17.0.tgz",
      "integrity": "sha1-MunHyrKjdEIdPQ3iORAih9eRvOc=",
      "requires": {
        "@octokit/types": "^6.34.0"
      }
    },
    "@octokit/plugin-request-log": {
      "version": "1.0.4",
      "resolved": "https://artifacts.werally.in/artifactory/api/npm/npm/@octokit/plugin-request-log/-/plugin-request-log-1.0.4.tgz",
      "integrity": "sha1-XlDtcIOmE4FrHkooruxft/FGLoU=",
      "requires": {}
    },
    "@octokit/plugin-rest-endpoint-methods": {
      "version": "5.13.0",
      "resolved": "https://artifacts.werally.in/artifactory/api/npm/npm/@octokit/plugin-rest-endpoint-methods/-/plugin-rest-endpoint-methods-5.13.0.tgz",
      "integrity": "sha1-jEYQkCGjQSIz9vUNKHhvjlUkJ7o=",
      "requires": {
        "@octokit/types": "^6.34.0",
        "deprecation": "^2.3.1"
      }
    },
    "@octokit/request": {
      "version": "5.6.2",
      "resolved": "https://artifacts.werally.in/artifactory/api/npm/npm/@octokit/request/-/request-5.6.2.tgz",
      "integrity": "sha1-GqdNXae54ErGDvIy7dmnQ43PMtg=",
      "requires": {
        "@octokit/endpoint": "^6.0.1",
        "@octokit/request-error": "^2.1.0",
        "@octokit/types": "^6.16.1",
        "is-plain-object": "^5.0.0",
        "node-fetch": "^2.6.1",
        "universal-user-agent": "^6.0.0"
      }
    },
    "@octokit/request-error": {
      "version": "2.1.0",
      "resolved": "https://artifacts.werally.in/artifactory/api/npm/npm/@octokit/request-error/-/request-error-2.1.0.tgz",
      "integrity": "sha1-nhUDV4Mb/HiNE6T9SxkT1gx01nc=",
      "requires": {
        "@octokit/types": "^6.0.3",
        "deprecation": "^2.0.0",
        "once": "^1.4.0"
      }
    },
    "@octokit/rest": {
      "version": "18.12.0",
      "resolved": "https://artifacts.werally.in/artifactory/api/npm/npm/@octokit/rest/-/rest-18.12.0.tgz",
      "integrity": "sha1-8GvElS/IcTAwjYEMqdAOefaYiIE=",
      "requires": {
        "@octokit/core": "^3.5.1",
        "@octokit/plugin-paginate-rest": "^2.16.8",
        "@octokit/plugin-request-log": "^1.0.4",
        "@octokit/plugin-rest-endpoint-methods": "^5.12.0"
      }
    },
    "@octokit/types": {
      "version": "6.34.0",
      "resolved": "https://artifacts.werally.in/artifactory/api/npm/npm/@octokit/types/-/types-6.34.0.tgz",
      "integrity": "sha1-xgITMzNNHs+103CoeYFi3fGughg=",
      "requires": {
        "@octokit/openapi-types": "^11.2.0"
      }
    },
    "before-after-hook": {
      "version": "2.2.2",
      "resolved": "https://artifacts.werally.in/artifactory/api/npm/npm/before-after-hook/-/before-after-hook-2.2.2.tgz",
      "integrity": "sha1-pujKQQKNkO4sJCIvIByQlWCRYT4="
    },
    "deprecation": {
      "version": "2.3.1",
      "resolved": "https://artifacts.werally.in/artifactory/api/npm/npm/deprecation/-/deprecation-2.3.1.tgz",
      "integrity": "sha1-Y2jL20Cr8zc7UlrIfkomDDpwCRk="
    },
    "is-plain-object": {
      "version": "5.0.0",
      "resolved": "https://artifacts.werally.in/artifactory/api/npm/npm/is-plain-object/-/is-plain-object-5.0.0.tgz",
      "integrity": "sha1-RCf1CrNCnpAl6n1S6QQ6nvQVk0Q="
    },
    "node-fetch": {
      "version": "2.6.6",
      "resolved": "https://artifacts.werally.in/artifactory/api/npm/npm/node-fetch/-/node-fetch-2.6.6.tgz",
      "integrity": "sha1-F1GnwBg06OFpd1hzLp77burfr4k=",
      "requires": {
        "whatwg-url": "^5.0.0"
      }
    },
    "once": {
      "version": "1.4.0",
      "resolved": "https://artifacts.werally.in/artifactory/api/npm/npm/once/-/once-1.4.0.tgz",
      "integrity": "sha1-WDsap3WWHUsROsF9nFC6753Xa9E=",
      "requires": {
        "wrappy": "1"
      }
    },
    "tr46": {
      "version": "0.0.3",
      "resolved": "https://artifacts.werally.in/artifactory/api/npm/npm/tr46/-/tr46-0.0.3.tgz",
      "integrity": "sha1-gYT9NH2snNwYWZLzpmIuFLnZq2o="
    },
    "tunnel": {
      "version": "0.0.6",
      "resolved": "https://registry.npmjs.org/tunnel/-/tunnel-0.0.6.tgz",
      "integrity": "sha512-1h/Lnq9yajKY2PEbBadPXj3VxsDDu844OnaAo52UVmIzIvwwtBPIuNvkjuzBlTWpfJyUbG3ez0KSBibQkj4ojg=="
    },
    "universal-user-agent": {
      "version": "6.0.0",
      "resolved": "https://artifacts.werally.in/artifactory/api/npm/npm/universal-user-agent/-/universal-user-agent-6.0.0.tgz",
      "integrity": "sha1-M4H4UDslHA2c0hvB3pOeyd9UgO4="
    },
    "webidl-conversions": {
      "version": "3.0.1",
      "resolved": "https://artifacts.werally.in/artifactory/api/npm/npm/webidl-conversions/-/webidl-conversions-3.0.1.tgz",
      "integrity": "sha1-JFNCdeKnvGvnvIZhHMFq4KVlSHE="
    },
    "whatwg-url": {
      "version": "5.0.0",
      "resolved": "https://artifacts.werally.in/artifactory/api/npm/npm/whatwg-url/-/whatwg-url-5.0.0.tgz",
      "integrity": "sha1-lmRU6HZUYuN2RNNib2dCzotwll0=",
      "requires": {
        "tr46": "~0.0.3",
        "webidl-conversions": "^3.0.0"
      }
    },
    "wrappy": {
      "version": "1.0.2",
      "resolved": "https://artifacts.werally.in/artifactory/api/npm/npm/wrappy/-/wrappy-1.0.2.tgz",
      "integrity": "sha1-tSQ9jz7BqjXxNkYFvA0QNuMKtp8="
    }
  }
}
